cookbook 'bosh_inception', :path => '/Users/drnic/Projects/ruby/gems/bosh-inception/cookbooks/bosh_inception'
cookbook 'apt', :locked_version => '1.9.2'
cookbook 'user', :locked_version => '0.3.0'
cookbook 'sudo', :locked_version => '2.1.0'
cookbook 'rvm', :git => 'git://github.com/fnichol/chef-rvm.git', :ref => '7038fb8c518d0d7785767de215b1ae463f237973'
cookbook 'java', :locked_version => '1.10.2'
cookbook 'windows', :locked_version => '1.8.10'
cookbook 'chef_handler', :locked_version => '1.1.4'
cookbook 'chef_gem', :locked_version => '0.1.0'