{
  "sources": {
    "apt": {
      "locked_version": "1.9.2"
    },
    "user": {
      "locked_version": "0.3.0"
    },
    "sudo": {
      "locked_version": "2.1.2"
    },
    "hub": {
      "locked_version": "1.0.4"
    },
    "chruby": {
      "locked_version": "0.2.1",
      "git": "git://github.com/Atalanta/chef-chruby.git",
      "ref": "1942bf895b30b6173249d2a50f35e8efca1afc08"
    },
    "bosh_inception": {
      "path": "./cookbooks/bosh_inception"
    },
    "ark": {
      "locked_version": "0.3.2"
    },
    "ruby_build": {
      "locked_version": "0.8.0"
    }
  }
}
