{
  "sources": {
    "apt": {
      "locked_version": "1.9.2"
    },
    "user": {
      "locked_version": "0.3.0"
    },
    "sudo": {
      "locked_version": "2.1.2"
    },
    "hub": {
      "locked_version": "1.0.4"
    },
    "rvm": {
      "locked_version": "0.9.1",
      "git": "git://github.com/fnichol/chef-rvm.git",
      "ref": "7038fb8c518d0d7785767de215b1ae463f237973"
    },
    "bosh_inception": {
      "path": "./cookbooks/bosh_inception"
    },
    "java": {
      "locked_version": "1.11.4"
    },
    "windows": {
      "locked_version": "1.8.10"
    },
    "chef_handler": {
      "locked_version": "1.1.4"
    },
    "chef_gem": {
      "locked_version": "0.1.0"
    }
  }
}
